<?xml version="1.0" encoding="utf-8"?>
<Project ToolsVersion="4.0" xmlns="http://schemas.microsoft.com/developer/msbuild/2003">
  <ItemGroup>
    <Filter Include="Source Files">
      <UniqueIdentifier>{78403133-8468-413a-8642-778b073cee4b}</UniqueIdentifier>
      <Extensions>cpp;c;cxx;rc;def;r;odl;idl;hpj;bat</Extensions>
    </Filter>
    <Filter Include="Header Files">
      <UniqueIdentifier>{d3fda80d-a6fb-40ae-8f67-c979298e2f99}</UniqueIdentifier>
      <Extensions>h;hpp;hxx;hm;inl</Extensions>
    </Filter>
    <Filter Include="Resource Files">
      <UniqueIdentifier>{676f2adc-9826-4046-a7c0-7c8f889554b7}</UniqueIdentifier>
      <Extensions>ico;cur;bmp;dlg;rc2;rct;bin;rgs;gif;jpg;jpeg;jpe</Extensions>
    </Filter>
  </ItemGroup>
  <ItemGroup>
    <ClCompile Include="..\..\compat\src\compat-5.1.c">
      <Filter>Source Files</Filter>
    </ClCompile>
    <ClCompile Include="..\src\ls_oci8.c">
      <Filter>Source Files</Filter>
    </ClCompile>
    <ClCompile Include="..\src\luasql.c">
      <Filter>Source Files</Filter>
    </ClCompile>
  </ItemGroup>
  <ItemGroup>
    <ClInclude Include="..\..\compat\src\compat-5.1.h">
      <Filter>Header Files</Filter>
    </ClInclude>
    <ClInclude Include="..\src\luasql.h">
      <Filter>Header Files</Filter>
    </ClInclude>
  </ItemGroup>
  <ItemGroup>
    <CustomBuild Include="oci8.def">
      <Filter>Source Files</Filter>
    </CustomBuild>
  </ItemGroup>
</Project>