<?xml version="1.0" encoding="utf-8"?>
<Project ToolsVersion="4.0" xmlns="http://schemas.microsoft.com/developer/msbuild/2003">
  <ItemGroup>
    <Filter Include="Source Files">
      <UniqueIdentifier>{1f16b1c9-1bd7-457f-a9c2-f93e52ffa935}</UniqueIdentifier>
      <Extensions>cpp;c;cxx;rc;def;r;odl;idl;hpj;bat</Extensions>
    </Filter>
    <Filter Include="Header Files">
      <UniqueIdentifier>{56c110a5-61f4-48ee-8784-a689dd642413}</UniqueIdentifier>
      <Extensions>h;hpp;hxx;hm;inl</Extensions>
    </Filter>
    <Filter Include="Resource Files">
      <UniqueIdentifier>{561045c8-fe8f-4d90-b30a-b7f4fb59bc53}</UniqueIdentifier>
      <Extensions>ico;cur;bmp;dlg;rc2;rct;bin;rgs;gif;jpg;jpeg;jpe</Extensions>
    </Filter>
  </ItemGroup>
  <ItemGroup>
    <ClCompile Include="..\..\compat\src\compat-5.1.c">
      <Filter>Source Files</Filter>
    </ClCompile>
    <ClCompile Include="..\src\ls_mysql.c">
      <Filter>Source Files</Filter>
    </ClCompile>
    <ClCompile Include="..\src\luasql.c">
      <Filter>Source Files</Filter>
    </ClCompile>
  </ItemGroup>
  <ItemGroup>
    <ResourceCompile Include="mysql41.rc">
      <Filter>Source Files</Filter>
    </ResourceCompile>
  </ItemGroup>
  <ItemGroup>
    <ClInclude Include="..\..\compat\src\compat-5.1.h">
      <Filter>Header Files</Filter>
    </ClInclude>
    <ClInclude Include="..\src\luasql.h">
      <Filter>Header Files</Filter>
    </ClInclude>
  </ItemGroup>
  <ItemGroup>
    <CustomBuild Include="mysql.def">
      <Filter>Source Files</Filter>
    </CustomBuild>
  </ItemGroup>
</Project>